// !$*UTF8*$!
{
	archiveVersion = 1;
	classes = {
	};
	objectVersion = 50;
	objects = {

/* Begin PBXBuildFile section */
		37E7E0E02482229700CA30EE /* AppDelegate.swift in Sources */ = {isa = PBXBuildFile; fileRef = 37E7E0DF2482229700CA30EE /* AppDelegate.swift */; };
		37E7E0E22482229700CA30EE /* SceneDelegate.swift in Sources */ = {isa = PBXBuildFile; fileRef = 37E7E0E12482229700CA30EE /* SceneDelegate.swift */; };
		37E7E0E42482229700CA30EE /* ViewController.swift in Sources */ = {isa = PBXBuildFile; fileRef = 37E7E0E32482229700CA30EE /* ViewController.swift */; };
		37E7E0E72482229700CA30EE /* Main.storyboard in Resources */ = {isa = PBXBuildFile; fileRef = 37E7E0E52482229700CA30EE /* Main.storyboard */; };
		37E7E0E92482229900CA30EE /* Assets.xcassets in Resources */ = {isa = PBXBuildFile; fileRef = 37E7E0E82482229900CA30EE /* Assets.xcassets */; };
		37E7E0EC2482229900CA30EE /* LaunchScreen.storyboard in Resources */ = {isa = PBXBuildFile; fileRef = 37E7E0EA2482229900CA30EE /* LaunchScreen.storyboard */; };
		37E7E0F42482235900CA30EE /* MemoryItem.swift in Sources */ = {isa = PBXBuildFile; fileRef = 37E7E0F32482235900CA30EE /* MemoryItem.swift */; };
		37E7E0F624822D0300CA30EE /* Items.json in Resources */ = {isa = PBXBuildFile; fileRef = 37E7E0F524822D0300CA30EE /* Items.json */; };
		37E7E0F82482352800CA30EE /* MemoryViewController.swift in Sources */ = {isa = PBXBuildFile; fileRef = 37E7E0F72482352800CA30EE /* MemoryViewController.swift */; };
/* End PBXBuildFile section */

/* Begin PBXFileReference section */
		37E7E0DC2482229700CA30EE /* Memorize.app */ = {isa = PBXFileReference; explicitFileType = wrapper.application; includeInIndex = 0; path = Memorize.app; sourceTree = BUILT_PRODUCTS_DIR; };
		37E7E0DF2482229700CA30EE /* AppDelegate.swift */ = {isa = PBXFileReference; lastKnownFileType = sourcecode.swift; path = AppDelegate.swift; sourceTree = "<group>"; };
		37E7E0E12482229700CA30EE /* SceneDelegate.swift */ = {isa = PBXFileReference; lastKnownFileType = sourcecode.swift; path = SceneDelegate.swift; sourceTree = "<group>"; };
		37E7E0E32482229700CA30EE /* ViewController.swift */ = {isa = PBXFileReference; lastKnownFileType = sourcecode.swift; path = ViewController.swift; sourceTree = "<group>"; };
		37E7E0E62482229700CA30EE /* Base */ = {isa = PBXFileReference; lastKnownFileType = file.storyboard; name = Base; path = Base.lproj/Main.storyboard; sourceTree = "<group>"; };
		37E7E0E82482229900CA30EE /* Assets.xcassets */ = {isa = PBXFileReference; lastKnownFileType = folder.assetcatalog; path = Assets.xcassets; sourceTree = "<group>"; };
		37E7E0EB2482229900CA30EE /* Base */ = {isa = PBXFileReference; lastKnownFileType = file.storyboard; name = Base; path = Base.lproj/LaunchScreen.storyboard; sourceTree = "<group>"; };
		37E7E0ED2482229900CA30EE /* Info.plist */ = {isa = PBXFileReference; lastKnownFileType = text.plist.xml; path = Info.plist; sourceTree = "<group>"; };
		37E7E0F32482235900CA30EE /* MemoryItem.swift */ = {isa = PBXFileReference; lastKnownFileType = sourcecode.swift; path = MemoryItem.swift; sourceTree = "<group>"; };
		37E7E0F524822D0300CA30EE /* Items.json */ = {isa = PBXFileReference; fileEncoding = 4; lastKnownFileType = text.json; path = Items.json; sourceTree = "<group>"; };
		37E7E0F72482352800CA30EE /* MemoryViewController.swift */ = {isa = PBXFileReference; lastKnownFileType = sourcecode.swift; path = MemoryViewController.swift; sourceTree = "<group>"; };
/* End PBXFileReference section */

/* Begin PBXFrameworksBuildPhase section */
		37E7E0D92482229700CA30EE /* Frameworks */ = {
			isa = PBXFrameworksBuildPhase;
			buildActionMask = 2147483647;
			files = (
			);
			runOnlyForDeploymentPostprocessing = 0;
		};
/* End PBXFrameworksBuildPhase section */

/* Begin PBXGroup section */
		37E7E0D32482229700CA30EE = {
			isa = PBXGroup;
			children = (
				37E7E0DE2482229700CA30EE /* Memorize */,
				37E7E0DD2482229700CA30EE /* Products */,
			);
			sourceTree = "<group>";
		};
		37E7E0DD2482229700CA30EE /* Products */ = {
			isa = PBXGroup;
			children = (
				37E7E0DC2482229700CA30EE /* Memorize.app */,
			);
			name = Products;
			sourceTree = "<group>";
		};
		37E7E0DE2482229700CA30EE /* Memorize */ = {
			isa = PBXGroup;
			children = (
				37E7E0DF2482229700CA30EE /* AppDelegate.swift */,
				37E7E0E12482229700CA30EE /* SceneDelegate.swift */,
				37E7E0E32482229700CA30EE /* ViewController.swift */,
				37E7E0F72482352800CA30EE /* MemoryViewController.swift */,
				37E7E0F32482235900CA30EE /* MemoryItem.swift */,
				37E7E0E52482229700CA30EE /* Main.storyboard */,
				37E7E0E82482229900CA30EE /* Assets.xcassets */,
				37E7E0EA2482229900CA30EE /* LaunchScreen.storyboard */,
				37E7E0ED2482229900CA30EE /* Info.plist */,
				37E7E0F524822D0300CA30EE /* Items.json */,
			);
			path = Memorize;
			sourceTree = "<group>";
		};
/* End PBXGroup section */

/* Begin PBXNativeTarget section */
		37E7E0DB2482229700CA30EE /* Memorize */ = {
			isa = PBXNativeTarget;
			buildConfigurationList = 37E7E0F02482229900CA30EE /* Build configuration list for PBXNativeTarget "Memorize" */;
			buildPhases = (
				37E7E0D82482229700CA30EE /* Sources */,
				37E7E0D92482229700CA30EE /* Frameworks */,
				37E7E0DA2482229700CA30EE /* Resources */,
			);
			buildRules = (
			);
			dependencies = (
			);
			name = Memorize;
			productName = Memorize;
			productReference = 37E7E0DC2482229700CA30EE /* Memorize.app */;
			productType = "com.apple.product-type.application";
		};
/* End PBXNativeTarget section */

/* Begin PBXProject section */
		37E7E0D42482229700CA30EE /* Project object */ = {
			isa = PBXProject;
			attributes = {
				LastSwiftUpdateCheck = 1150;
				LastUpgradeCheck = 1150;
				ORGANIZATIONNAME = "Marlon Raskin";
				TargetAttributes = {
					37E7E0DB2482229700CA30EE = {
						CreatedOnToolsVersion = 11.5;
					};
				};
			};
			buildConfigurationList = 37E7E0D72482229700CA30EE /* Build configuration list for PBXProject "Memorize" */;
			compatibilityVersion = "Xcode 9.3";
			developmentRegion = en;
			hasScannedForEncodings = 0;
			knownRegions = (
				en,
				Base,
			);
			mainGroup = 37E7E0D32482229700CA30EE;
			productRefGroup = 37E7E0DD2482229700CA30EE /* Products */;
			projectDirPath = "";
			projectRoot = "";
			targets = (
				37E7E0DB2482229700CA30EE /* Memorize */,
			);
		};
/* End PBXProject section */

/* Begin PBXResourcesBuildPhase section */
		37E7E0DA2482229700CA30EE /* Resources */ = {
			isa = PBXResourcesBuildPhase;
			buildActionMask = 2147483647;
			files = (
				37E7E0F624822D0300CA30EE /* Items.json in Resources */,
				37E7E0EC2482229900CA30EE /* LaunchScreen.storyboard in Resources */,
				37E7E0E92482229900CA30EE /* Assets.xcassets in Resources */,
				37E7E0E72482229700CA30EE /* Main.storyboard in Resources */,
			);
			runOnlyForDeploymentPostprocessing = 0;
		};
/* End PBXResourcesBuildPhase section */

/* Begin PBXSourcesBuildPhase section */
		37E7E0D82482229700CA30EE /* Sources */ = {
			isa = PBXSourcesBuildPhase;
			buildActionMask = 2147483647;
			files = (
				37E7E0E42482229700CA30EE /* ViewController.swift in Sources */,
				37E7E0E02482229700CA30EE /* AppDelegate.swift in Sources */,
				37E7E0E22482229700CA30EE /* SceneDelegate.swift in Sources */,
				37E7E0F42482235900CA30EE /* MemoryItem.swift in Sources */,
				37E7E0F82482352800CA30EE /* MemoryViewController.swift in Sources */,
			);
			runOnlyForDeploymentPostprocessing = 0;
		};
/* End PBXSourcesBuildPhase section */

/* Begin PBXVariantGroup section */
		37E7E0E52482229700CA30EE /* Main.storyboard */ = {
			isa = PBXVariantGroup;
			children = (
				37E7E0E62482229700CA30EE /* Base */,
			);
			name = Main.storyboard;
			sourceTree = "<group>";
		};
		37E7E0EA2482229900CA30EE /* LaunchScreen.storyboard */ = {
			isa = PBXVariantGroup;
			children = (
				37E7E0EB2482229900CA30EE /* Base */,
			);
			name = LaunchScreen.storyboard;
			sourceTree = "<group>";
		};
/* End PBXVariantGroup section */

/* Begin XCBuildConfiguration section */
		37E7E0EE2482229900CA30EE /* Debug */ = {
			isa = XCBuildConfiguration;
			buildSettings = {
				ALWAYS_SEARCH_USER_PATHS = NO;
				CLANG_ANALYZER_NONNULL = YES;
				CLANG_ANALYZER_NUMBER_OBJECT_CONVERSION = YES_AGGRESSIVE;
				CLANG_CXX_LANGUAGE_STANDARD = "gnu++14";
				CLANG_CXX_LIBRARY = "libc++";
				CLANG_ENABLE_MODULES = YES;
				CLANG_ENABLE_OBJC_ARC = YES;
				CLANG_ENABLE_OBJC_WEAK = YES;
				CLANG_WARN_BLOCK_CAPTURE_AUTORELEASING = YES;
				CLANG_WARN_BOOL_CONVERSION = YES;
				CLANG_WARN_COMMA = YES;
				CLANG_WARN_CONSTANT_CONVERSION = YES;
				CLANG_WARN_DEPRECATED_OBJC_IMPLEMENTATIONS = YES;
				CLANG_WARN_DIRECT_OBJC_ISA_USAGE = YES_ERROR;
				CLANG_WARN_DOCUMENTATION_COMMENTS = YES;
				CLANG_WARN_EMPTY_BODY = YES;
				CLANG_WARN_ENUM_CONVERSION = YES;
				CLANG_WARN_INFINITE_RECURSION = YES;
				CLANG_WARN_INT_CONVERSION = YES;
				CLANG_WARN_NON_LITERAL_NULL_CONVERSION = YES;
				CLANG_WARN_OBJC_IMPLICIT_RETAIN_SELF = YES;
				CLANG_WARN_OBJC_LITERAL_CONVERSION = YES;
				CLANG_WARN_OBJC_ROOT_CLASS = YES_ERROR;
				CLANG_WARN_RANGE_LOOP_ANALYSIS = YES;
				CLANG_WARN_STRICT_PROTOTYPES = YES;
				CLANG_WARN_SUSPICIOUS_MOVE = YES;
				CLANG_WARN_UNGUARDED_AVAILABILITY = YES_AGGRESSIVE;
				CLANG_WARN_UNREACHABLE_CODE = YES;
				CLANG_WARN__DUPLICATE_METHOD_MATCH = YES;
				COPY_PHASE_STRIP = NO;
				DEBUG_INFORMATION_FORMAT = dwarf;
				ENABLE_STRICT_OBJC_MSGSEND = YES;
				ENABLE_TESTABILITY = YES;
				GCC_C_LANGUAGE_STANDARD = gnu11;
				GCC_DYNAMIC_NO_PIC = NO;
				GCC_NO_COMMON_BLOCKS = YES;
				GCC_OPTIMIZATION_LEVEL = 0;
				GCC_PREPROCESSOR_DEFINITIONS = (
					"DEBUG=1",
					"$(inherited)",
				);
				GCC_WARN_64_TO_32_BIT_CONVERSION = YES;
				GCC_WARN_ABOUT_RETURN_TYPE = YES_ERROR;
				GCC_WARN_UNDECLARED_SELECTOR = YES;
				GCC_WARN_UNINITIALIZED_AUTOS = YES_AGGRESSIVE;
				GCC_WARN_UNUSED_FUNCTION = YES;
				GCC_WARN_UNUSED_VARIABLE = YES;
				IPHONEOS_DEPLOYMENT_TARGET = 13.5;
				MTL_ENABLE_DEBUG_INFO = INCLUDE_SOURCE;
				MTL_FAST_MATH = YES;
				ONLY_ACTIVE_ARCH = YES;
				SDKROOT = iphoneos;
				SWIFT_ACTIVE_COMPILATION_CONDITIONS = DEBUG;
				SWIFT_OPTIMIZATION_LEVEL = "-Onone";
			};
			name = Debug;
		};
		37E7E0EF2482229900CA30EE /* Release */ = {
			isa = XCBuildConfiguration;
			buildSettings = {
				ALWAYS_SEARCH_USER_PATHS = NO;
				CLANG_ANALYZER_NONNULL = YES;
				CLANG_ANALYZER_NUMBER_OBJECT_CONVERSION = YES_AGGRESSIVE;
				CLANG_CXX_LANGUAGE_STANDARD = "gnu++14";
				CLANG_CXX_LIBRARY = "libc++";
				CLANG_ENABLE_MODULES = YES;
				CLANG_ENABLE_OBJC_ARC = YES;
				CLANG_ENABLE_OBJC_WEAK = YES;
				CLANG_WARN_BLOCK_CAPTURE_AUTORELEASING = YES;
				CLANG_WARN_BOOL_CONVERSION = YES;
				CLANG_WARN_COMMA = YES;
				CLANG_WARN_CONSTANT_CONVERSION = YES;
				CLANG_WARN_DEPRECATED_OBJC_IMPLEMENTATIONS = YES;
				CLANG_WARN_DIRECT_OBJC_ISA_USAGE = YES_ERROR;
				CLANG_WARN_DOCUMENTATION_COMMENTS = YES;
				CLANG_WARN_EMPTY_BODY = YES;
				CLANG_WARN_ENUM_CONVERSION = YES;
				CLANG_WARN_INFINITE_RECURSION = YES;
				CLANG_WARN_INT_CONVERSION = YES;
				CLANG_WARN_NON_LITERAL_NULL_CONVERSION = YES;
				CLANG_WARN_OBJC_IMPLICIT_RETAIN_SELF = YES;
				CLANG_WARN_OBJC_LITERAL_CONVERSION = YES;
				CLANG_WARN_OBJC_ROOT_CLASS = YES_ERROR;
				CLANG_WARN_RANGE_LOOP_ANALYSIS = YES;
				CLANG_WARN_STRICT_PROTOTYPES = YES;
				CLANG_WARN_SUSPICIOUS_MOVE = YES;
				CLANG_WARN_UNGUARDED_AVAILABILITY = YES_AGGRESSIVE;
				CLANG_WARN_UNREACHABLE_CODE = YES;
				CLANG_WARN__DUPLICATE_METHOD_MATCH = YES;
				COPY_PHASE_STRIP = NO;
				DEBUG_INFORMATION_FORMAT = "dwarf-with-dsym";
				ENABLE_NS_ASSERTIONS = NO;
				ENABLE_STRICT_OBJC_MSGSEND = YES;
				GCC_C_LANGUAGE_STANDARD = gnu11;
				GCC_NO_COMMON_BLOCKS = YES;
				GCC_WARN_64_TO_32_BIT_CONVERSION = YES;
				GCC_WARN_ABOUT_RETURN_TYPE = YES_ERROR;
				GCC_WARN_UNDECLARED_SELECTOR = YES;
				GCC_WARN_UNINITIALIZED_AUTOS = YES_AGGRESSIVE;
				GCC_WARN_UNUSED_FUNCTION = YES;
				GCC_WARN_UNUSED_VARIABLE = YES;
				IPHONEOS_DEPLOYMENT_TARGET = 13.5;
				MTL_ENABLE_DEBUG_INFO = NO;
				MTL_FAST_MATH = YES;
				SDKROOT = iphoneos;
				SWIFT_COMPILATION_MODE = wholemodule;
				SWIFT_OPTIMIZATION_LEVEL = "-O";
				VALIDATE_PRODUCT = YES;
			};
			name = Release;
		};
		37E7E0F12482229900CA30EE /* Debug */ = {
			isa = XCBuildConfiguration;
			buildSettings = {
				ASSETCATALOG_COMPILER_APPICON_NAME = AppIcon;
				CODE_SIGN_STYLE = Automatic;
				DEVELOPMENT_TEAM = D6VB3396MT;
				INFOPLIST_FILE = Memorize/Info.plist;
				LD_RUNPATH_SEARCH_PATHS = (
					"$(inherited)",
					"@executable_path/Frameworks",
				);
				PRODUCT_BUNDLE_IDENTIFIER = com.marlonraskin.Memorize;
				PRODUCT_NAME = "$(TARGET_NAME)";
				SWIFT_VERSION = 5.0;
				TARGETED_DEVICE_FAMILY = "1,2";
			};
			name = Debug;
		};
		37E7E0F22482229900CA30EE /* Release */ = {
			isa = XCBuildConfiguration;
			buildSettings = {
				ASSETCATALOG_COMPILER_APPICON_NAME = AppIcon;
				CODE_SIGN_STYLE = Automatic;
				DEVELOPMENT_TEAM = D6VB3396MT;
				INFOPLIST_FILE = Memorize/Info.plist;
				LD_RUNPATH_SEARCH_PATHS = (
					"$(inherited)",
					"@executable_path/Frameworks",
				);
				PRODUCT_BUNDLE_IDENTIFIER = com.marlonraskin.Memorize;
				PRODUCT_NAME = "$(TARGET_NAME)";
				SWIFT_VERSION = 5.0;
				TARGETED_DEVICE_FAMILY = "1,2";
			};
			name = Release;
		};
/* End XCBuildConfiguration section */

/* Begin XCConfigurationList section */
		37E7E0D72482229700CA30EE /* Build configuration list for PBXProject "Memorize" */ = {
			isa = XCConfigurationList;
			buildConfigurations = (
				37E7E0EE2482229900CA30EE /* Debug */,
				37E7E0EF2482229900CA30EE /* Release */,
			);
			defaultConfigurationIsVisible = 0;
			defaultConfigurationName = Release;
		};
		37E7E0F02482229900CA30EE /* Build configuration list for PBXNativeTarget "Memorize" */ = {
			isa = XCConfigurationList;
			buildConfigurations = (
				37E7E0F12482229900CA30EE /* Debug */,
				37E7E0F22482229900CA30EE /* Release */,
			);
			defaultConfigurationIsVisible = 0;
			defaultConfigurationName = Release;
		};
/* End XCConfigurationList section */
	};
	rootObject = 37E7E0D42482229700CA30EE /* Project object */;
}
